
Microsoft Visual Studio Solution File, Format Version 12.00
# Visual Studio 15
VisualStudioVersion = 15.0.27004.2006
MinimumVisualStudioVersion = 10.0.40219.1
Project("{9A19103F-16F7-4668-BE54-9A1E7A4F7556}") = "BGStemmer", "BGStemmer\BGStemmer.csproj", "{7A689A20-9FBA-4955-97D1-A28A495E9000}"
EndProject
Project("{FAE04EC0-301F-11D3-BF4B-00C04F79EFBC}") = "BGStemmer.ConsoleTest", "BGStemmer.ConsoleTest\BGStemmer.ConsoleTest.csproj", "{A83DB5EB-E9A8-4F34-A974-4A6D18C6D940}"
EndProject
Project("{FAE04EC0-301F-11D3-BF4B-00C04F79EFBC}") = "BGStemmer.Lucene", "BGStemmer.Lucene\BGStemmer.Lucene.csproj", "{82EAB340-3CC2-42E3-86E0-3E9654B6D31F}"
EndProject
Global
	GlobalSection(SolutionConfigurationPlatforms) = preSolution
		Debug|Any CPU = Debug|Any CPU
		Release|Any CPU = Release|Any CPU
	EndGlobalSection
	GlobalSection(ProjectConfigurationPlatforms) = postSolution
		{7A689A20-9FBA-4955-97D1-A28A495E9000}.Debug|Any CPU.ActiveCfg = Debug|Any CPU
		{7A689A20-9FBA-4955-97D1-A28A495E9000}.Debug|Any CPU.Build.0 = Debug|Any CPU
		{7A689A20-9FBA-4955-97D1-A28A495E9000}.Release|Any CPU.ActiveCfg = Release|Any CPU
		{7A689A20-9FBA-4955-97D1-A28A495E9000}.Release|Any CPU.Build.0 = Release|Any CPU
		{A83DB5EB-E9A8-4F34-A974-4A6D18C6D940}.Debug|Any CPU.ActiveCfg = Debug|Any CPU
		{A83DB5EB-E9A8-4F34-A974-4A6D18C6D940}.Debug|Any CPU.Build.0 = Debug|Any CPU
		{A83DB5EB-E9A8-4F34-A974-4A6D18C6D940}.Release|Any CPU.ActiveCfg = Release|Any CPU
		{A83DB5EB-E9A8-4F34-A974-4A6D18C6D940}.Release|Any CPU.Build.0 = Release|Any CPU
		{82EAB340-3CC2-42E3-86E0-3E9654B6D31F}.Debug|Any CPU.ActiveCfg = Debug|Any CPU
		{82EAB340-3CC2-42E3-86E0-3E9654B6D31F}.Debug|Any CPU.Build.0 = Debug|Any CPU
		{82EAB340-3CC2-42E3-86E0-3E9654B6D31F}.Release|Any CPU.ActiveCfg = Release|Any CPU
		{82EAB340-3CC2-42E3-86E0-3E9654B6D31F}.Release|Any CPU.Build.0 = Release|Any CPU
	EndGlobalSection
	GlobalSection(SolutionProperties) = preSolution
		HideSolutionNode = FALSE
	EndGlobalSection
	GlobalSection(ExtensibilityGlobals) = postSolution
		SolutionGuid = {27B6717F-5BEF-4B6C-995B-336883F95F7F}
	EndGlobalSection
EndGlobal
